{
  "lockfileVersion": 1,
  "configVersion": 1,
  "workspaces": {
    "": {
      "name": "reqloop-marketplace",
      "devDependencies": {
        "@compforge/baton-plugin": "0.2.4",
        "@types/bun": "^1.3.0",
        "typescript": "^5.9.0",
      },
    },
    "plugins/hello": {
      "name": "@compforge/baton-plugin-hello",
      "version": "0.1.0",
    },
    "plugins/hello-counter": {
      "name": "@compforge/baton-plugin-hello-counter",
      "version": "0.1.0",
    },
    "plugins/reqloop": {
      "name": "@compforge/baton-plugin-reqloop",
      "version": "0.2.17",
      "devDependencies": {
        "@compforge/baton-plugin": "0.8.1",
      },
      "peerDependencies": {
        "@compforge/baton-plugin": "^0.8.1",
      },
    },
    "plugins/turn-coach": {
      "name": "@compforge/baton-plugin-turn-coach",
      "version": "0.1.0",
    },
  },
  "packages": {
    "@compforge/baton-plugin": ["@compforge/baton-plugin@0.2.4", "", {}, "sha512-7VED5814KQHLwEwfk8SPsZkSCFaBWZ4IiwA1HTLMO0iooC/hvFWnPk222OosfbopUIFJaLaAKf1EAVJCKeraKA=="],

    "@compforge/baton-plugin-hello": ["@compforge/baton-plugin-hello@workspace:plugins/hello"],

    "@compforge/baton-plugin-hello-counter": ["@compforge/baton-plugin-hello-counter@workspace:plugins/hello-counter"],

    "@compforge/baton-plugin-reqloop": ["@compforge/baton-plugin-reqloop@workspace:plugins/reqloop"],

    "@compforge/baton-plugin-turn-coach": ["@compforge/baton-plugin-turn-coach@workspace:plugins/turn-coach"],

    "@types/bun": ["@types/bun@1.3.14", "", { "dependencies": { "bun-types": "1.3.14" } }, "sha512-h1hFqFVcvAvD9j9K7ZW7vd82aSA+rTdznZa+5bwvCwqSB1jmmfLcbIWhOLx1/+boy/xmjgCs/OMUL8hRJSmnPw=="],

    "@types/node": ["@types/node@26.1.1", "", { "dependencies": { "undici-types": "~8.3.0" } }, "sha512-nxAkRSVkN1Y0JC1W8ky/fTfkGsMmcrRsbx+3XoZE+rMOX71kLYTV7fLXpqud1GpbpP5TuffXFqfX7fH2GgZREw=="],

    "bun-types": ["bun-types@1.3.14", "", { "dependencies": { "@types/node": "*" } }, "sha512-4N0ig0fEomHt5R0KCFWjovxow98rIoRwKolrYdCcknNwMekCXRnWEUvgu5soYV8QXtVsrUD8B95MBOZGPvr6KQ=="],

    "typescript": ["typescript@5.9.3", "", { "bin": { "tsc": "bin/tsc", "tsserver": "bin/tsserver" } }, "sha512-jl1vZzPDinLr9eUt3J/t7V6FgNEw9QjvBPdysz9KfQDD41fQrC2Y4vKQdiaUpFT4bXlb1RHhLpp8wtm6M5TgSw=="],

    "undici-types": ["undici-types@8.3.0", "", {}, "sha512-j375ScV60dom+YkPFIfTLcOiPxkN/buHz5GobjLhixFuANaNs3C9l4GmrWqejgXWJ7BbJcFYpTEUkS1Ge8bpZQ=="],

    "@compforge/baton-plugin-reqloop/@compforge/baton-plugin": ["@compforge/baton-plugin@0.8.1", "", {}, "sha512-cUT6xjzBhrH3DRLpmBc7jh5e5g/DBL6Djkesu0IaeTmLdowte2qjXMODYdKEFQyhH+EN+Tt94nwUCkTnHlF+Gw=="],
  }
}
